
Microsoft Visual Studio Solution File, Format Version 12.00
# Visual Studio 14
VisualStudioVersion = 14.0.25420.1
MinimumVisualStudioVersion = 10.0.40219.1
Project("{2150E333-8FDC-42A3-9474-1A3956D46DE8}") = "src", "src", "{533B5245-71ED-4437-9A25-0F7967C3A97F}"
EndProject
Project("{8BB2217D-0F2D-49D1-97BC-3654ED321F3B}") = "Meceqs.Serialization.Json", "src\Meceqs.Serialization.Json\Meceqs.Serialization.Json.xproj", "{4041CB42-0EFA-4519-9C2F-D5579506E34E}"
EndProject
Project("{8BB2217D-0F2D-49D1-97BC-3654ED321F3B}") = "Meceqs", "src\Meceqs\Meceqs.xproj", "{4448F229-B7AD-44B0-81D4-EF95BDF765CA}"
EndProject
Project("{2150E333-8FDC-42A3-9474-1A3956D46DE8}") = "samples", "samples", "{08815AAF-8A8A-41D5-A109-001F776B7E92}"
EndProject
Project("{2150E333-8FDC-42A3-9474-1A3956D46DE8}") = "test", "test", "{BE0A911D-D501-4DE2-B8C4-B6CD0186FCA2}"
EndProject
Project("{8BB2217D-0F2D-49D1-97BC-3654ED321F3B}") = "Meceqs.AspNetCore", "src\Meceqs.AspNetCore\Meceqs.AspNetCore.xproj", "{DB993979-FB70-443D-BA0F-B73CBFEC9478}"
EndProject
Project("{8BB2217D-0F2D-49D1-97BC-3654ED321F3B}") = "CustomerContext.WebApi", "samples\CustomerContext.WebApi\CustomerContext.WebApi.xproj", "{AB2D2CB3-5290-4E2A-8F41-7769CEF69DB6}"
EndProject
Project("{8BB2217D-0F2D-49D1-97BC-3654ED321F3B}") = "CustomerContext.Contracts", "samples\CustomerContext.Contracts\CustomerContext.Contracts.xproj", "{0FFDEEEA-ECB5-40A7-B710-98450471F3B0}"
EndProject
Project("{8BB2217D-0F2D-49D1-97BC-3654ED321F3B}") = "CustomerContext.Core", "samples\CustomerContext.Core\CustomerContext.Core.xproj", "{7A0C1272-4318-4FCA-8173-0F343FDB8DF5}"
EndProject
Project("{8BB2217D-0F2D-49D1-97BC-3654ED321F3B}") = "Meceqs.Tests", "test\Meceqs.Tests\Meceqs.Tests.xproj", "{43B1BC8C-4340-407E-8400-5219BF9DA866}"
EndProject
Project("{8BB2217D-0F2D-49D1-97BC-3654ED321F3B}") = "Meceqs.Transport.AzureEventHubs", "src\Meceqs.Transport.AzureEventHubs\Meceqs.Transport.AzureEventHubs.xproj", "{5C52EAC9-5161-40CC-BE01-277FE541DBF1}"
EndProject
Global
	GlobalSection(SolutionConfigurationPlatforms) = preSolution
		Debug|Any CPU = Debug|Any CPU
		Release|Any CPU = Release|Any CPU
	EndGlobalSection
	GlobalSection(ProjectConfigurationPlatforms) = postSolution
		{4041CB42-0EFA-4519-9C2F-D5579506E34E}.Debug|Any CPU.ActiveCfg = Debug|Any CPU
		{4041CB42-0EFA-4519-9C2F-D5579506E34E}.Debug|Any CPU.Build.0 = Debug|Any CPU
		{4041CB42-0EFA-4519-9C2F-D5579506E34E}.Release|Any CPU.ActiveCfg = Release|Any CPU
		{4041CB42-0EFA-4519-9C2F-D5579506E34E}.Release|Any CPU.Build.0 = Release|Any CPU
		{4448F229-B7AD-44B0-81D4-EF95BDF765CA}.Debug|Any CPU.ActiveCfg = Debug|Any CPU
		{4448F229-B7AD-44B0-81D4-EF95BDF765CA}.Debug|Any CPU.Build.0 = Debug|Any CPU
		{4448F229-B7AD-44B0-81D4-EF95BDF765CA}.Release|Any CPU.ActiveCfg = Release|Any CPU
		{4448F229-B7AD-44B0-81D4-EF95BDF765CA}.Release|Any CPU.Build.0 = Release|Any CPU
		{DB993979-FB70-443D-BA0F-B73CBFEC9478}.Debug|Any CPU.ActiveCfg = Debug|Any CPU
		{DB993979-FB70-443D-BA0F-B73CBFEC9478}.Debug|Any CPU.Build.0 = Debug|Any CPU
		{DB993979-FB70-443D-BA0F-B73CBFEC9478}.Release|Any CPU.ActiveCfg = Release|Any CPU
		{DB993979-FB70-443D-BA0F-B73CBFEC9478}.Release|Any CPU.Build.0 = Release|Any CPU
		{AB2D2CB3-5290-4E2A-8F41-7769CEF69DB6}.Debug|Any CPU.ActiveCfg = Debug|Any CPU
		{AB2D2CB3-5290-4E2A-8F41-7769CEF69DB6}.Debug|Any CPU.Build.0 = Debug|Any CPU
		{AB2D2CB3-5290-4E2A-8F41-7769CEF69DB6}.Release|Any CPU.ActiveCfg = Release|Any CPU
		{AB2D2CB3-5290-4E2A-8F41-7769CEF69DB6}.Release|Any CPU.Build.0 = Release|Any CPU
		{0FFDEEEA-ECB5-40A7-B710-98450471F3B0}.Debug|Any CPU.ActiveCfg = Debug|Any CPU
		{0FFDEEEA-ECB5-40A7-B710-98450471F3B0}.Debug|Any CPU.Build.0 = Debug|Any CPU
		{0FFDEEEA-ECB5-40A7-B710-98450471F3B0}.Release|Any CPU.ActiveCfg = Release|Any CPU
		{0FFDEEEA-ECB5-40A7-B710-98450471F3B0}.Release|Any CPU.Build.0 = Release|Any CPU
		{7A0C1272-4318-4FCA-8173-0F343FDB8DF5}.Debug|Any CPU.ActiveCfg = Debug|Any CPU
		{7A0C1272-4318-4FCA-8173-0F343FDB8DF5}.Debug|Any CPU.Build.0 = Debug|Any CPU
		{7A0C1272-4318-4FCA-8173-0F343FDB8DF5}.Release|Any CPU.ActiveCfg = Release|Any CPU
		{7A0C1272-4318-4FCA-8173-0F343FDB8DF5}.Release|Any CPU.Build.0 = Release|Any CPU
		{43B1BC8C-4340-407E-8400-5219BF9DA866}.Debug|Any CPU.ActiveCfg = Debug|Any CPU
		{43B1BC8C-4340-407E-8400-5219BF9DA866}.Debug|Any CPU.Build.0 = Debug|Any CPU
		{43B1BC8C-4340-407E-8400-5219BF9DA866}.Release|Any CPU.ActiveCfg = Release|Any CPU
		{43B1BC8C-4340-407E-8400-5219BF9DA866}.Release|Any CPU.Build.0 = Release|Any CPU
		{5C52EAC9-5161-40CC-BE01-277FE541DBF1}.Debug|Any CPU.ActiveCfg = Debug|Any CPU
		{5C52EAC9-5161-40CC-BE01-277FE541DBF1}.Debug|Any CPU.Build.0 = Debug|Any CPU
		{5C52EAC9-5161-40CC-BE01-277FE541DBF1}.Release|Any CPU.ActiveCfg = Release|Any CPU
		{5C52EAC9-5161-40CC-BE01-277FE541DBF1}.Release|Any CPU.Build.0 = Release|Any CPU
	EndGlobalSection
	GlobalSection(SolutionProperties) = preSolution
		HideSolutionNode = FALSE
	EndGlobalSection
	GlobalSection(NestedProjects) = preSolution
		{4041CB42-0EFA-4519-9C2F-D5579506E34E} = {533B5245-71ED-4437-9A25-0F7967C3A97F}
		{4448F229-B7AD-44B0-81D4-EF95BDF765CA} = {533B5245-71ED-4437-9A25-0F7967C3A97F}
		{DB993979-FB70-443D-BA0F-B73CBFEC9478} = {533B5245-71ED-4437-9A25-0F7967C3A97F}
		{AB2D2CB3-5290-4E2A-8F41-7769CEF69DB6} = {08815AAF-8A8A-41D5-A109-001F776B7E92}
		{0FFDEEEA-ECB5-40A7-B710-98450471F3B0} = {08815AAF-8A8A-41D5-A109-001F776B7E92}
		{7A0C1272-4318-4FCA-8173-0F343FDB8DF5} = {08815AAF-8A8A-41D5-A109-001F776B7E92}
		{43B1BC8C-4340-407E-8400-5219BF9DA866} = {BE0A911D-D501-4DE2-B8C4-B6CD0186FCA2}
		{5C52EAC9-5161-40CC-BE01-277FE541DBF1} = {533B5245-71ED-4437-9A25-0F7967C3A97F}
	EndGlobalSection
EndGlobal
