
Microsoft Visual Studio Solution File, Format Version 12.00
# Visual Studio 15
VisualStudioVersion = 15.0.26228.9
MinimumVisualStudioVersion = 10.0.40219.1
Project("{2150E333-8FDC-42A3-9474-1A3956D46DE8}") = "src", "src", "{533B5245-71ED-4437-9A25-0F7967C3A97F}"
EndProject
Project("{2150E333-8FDC-42A3-9474-1A3956D46DE8}") = "samples", "samples", "{08815AAF-8A8A-41D5-A109-001F776B7E92}"
EndProject
Project("{2150E333-8FDC-42A3-9474-1A3956D46DE8}") = "test", "test", "{BE0A911D-D501-4DE2-B8C4-B6CD0186FCA2}"
EndProject
Project("{9A19103F-16F7-4668-BE54-9A1E7A4F7556}") = "Meceqs", "src\Meceqs\Meceqs.csproj", "{4448F229-B7AD-44B0-81D4-EF95BDF765CA}"
EndProject
Project("{9A19103F-16F7-4668-BE54-9A1E7A4F7556}") = "Meceqs.AspNetCore", "src\Meceqs.AspNetCore\Meceqs.AspNetCore.csproj", "{DB993979-FB70-443D-BA0F-B73CBFEC9478}"
EndProject
Project("{9A19103F-16F7-4668-BE54-9A1E7A4F7556}") = "Meceqs.Tests", "test\Meceqs.Tests\Meceqs.Tests.csproj", "{43B1BC8C-4340-407E-8400-5219BF9DA866}"
EndProject
Project("{9A19103F-16F7-4668-BE54-9A1E7A4F7556}") = "Customers.Hosts.WebApi", "samples\Customers.Hosts.WebApi\Customers.Hosts.WebApi.csproj", "{AB2D2CB3-5290-4E2A-8F41-7769CEF69DB6}"
EndProject
Project("{9A19103F-16F7-4668-BE54-9A1E7A4F7556}") = "Customers.Contracts", "samples\Customers.Contracts\Customers.Contracts.csproj", "{0FFDEEEA-ECB5-40A7-B710-98450471F3B0}"
EndProject
Project("{9A19103F-16F7-4668-BE54-9A1E7A4F7556}") = "Customers.Core", "samples\Customers.Core\Customers.Core.csproj", "{7A0C1272-4318-4FCA-8173-0F343FDB8DF5}"
EndProject
Project("{9A19103F-16F7-4668-BE54-9A1E7A4F7556}") = "Meceqs.AzureEventHubs", "src\Meceqs.AzureEventHubs\Meceqs.AzureEventHubs.csproj", "{5C52EAC9-5161-40CC-BE01-277FE541DBF1}"
EndProject
Project("{9A19103F-16F7-4668-BE54-9A1E7A4F7556}") = "SampleConfig", "samples\SampleConfig\SampleConfig.csproj", "{E933A6AE-5745-4195-A62D-751BF53CA8A0}"
EndProject
Project("{9A19103F-16F7-4668-BE54-9A1E7A4F7556}") = "Sales.Hosts.ProcessOrders", "samples\Sales.Hosts.ProcessOrders\Sales.Hosts.ProcessOrders.csproj", "{AB57EBAF-17C7-4036-8453-B2A0B711E22D}"
EndProject
Project("{9A19103F-16F7-4668-BE54-9A1E7A4F7556}") = "Meceqs.AzureServiceBus", "src\Meceqs.AzureServiceBus\Meceqs.AzureServiceBus.csproj", "{FB6F0363-0CDC-44A3-8C22-715E3D608AA5}"
EndProject
Project("{9A19103F-16F7-4668-BE54-9A1E7A4F7556}") = "Sales.Contracts", "samples\Sales.Contracts\Sales.Contracts.csproj", "{E475B9FE-6F9C-4D28-8E33-B3E37F0FAC98}"
EndProject
Project("{9A19103F-16F7-4668-BE54-9A1E7A4F7556}") = "Sales.Hosts.ProcessCustomerEvents", "samples\Sales.Hosts.ProcessCustomerEvents\Sales.Hosts.ProcessCustomerEvents.csproj", "{AC7E9844-24D1-4008-9F62-FE0CA3F6278E}"
EndProject
Project("{9A19103F-16F7-4668-BE54-9A1E7A4F7556}") = "TrafficGenerator", "samples\TrafficGenerator\TrafficGenerator.csproj", "{53F0C520-0045-4860-B457-6C9B723B4DD1}"
EndProject
Project("{9A19103F-16F7-4668-BE54-9A1E7A4F7556}") = "Meceqs.Abstractions", "src\Meceqs.Abstractions\Meceqs.Abstractions.csproj", "{F486C425-FCD7-4F56-840A-902CD1E292E4}"
EndProject
Project("{9A19103F-16F7-4668-BE54-9A1E7A4F7556}") = "Meceqs.HttpSender", "src\Meceqs.HttpSender\Meceqs.HttpSender.csproj", "{2D05E7F5-AE6C-4559-8EB3-B88B9561CA6F}"
EndProject
Project("{9A19103F-16F7-4668-BE54-9A1E7A4F7556}") = "Meceqs.AspNetCore.Swagger", "src\Meceqs.AspNetCore.Swagger\Meceqs.AspNetCore.Swagger.csproj", "{640511C8-A8F2-4D13-9CC2-574BD8805501}"
EndProject
Global
	GlobalSection(SolutionConfigurationPlatforms) = preSolution
		Debug|Any CPU = Debug|Any CPU
		Release|Any CPU = Release|Any CPU
	EndGlobalSection
	GlobalSection(ProjectConfigurationPlatforms) = postSolution
		{4448F229-B7AD-44B0-81D4-EF95BDF765CA}.Debug|Any CPU.ActiveCfg = Debug|Any CPU
		{4448F229-B7AD-44B0-81D4-EF95BDF765CA}.Debug|Any CPU.Build.0 = Debug|Any CPU
		{4448F229-B7AD-44B0-81D4-EF95BDF765CA}.Release|Any CPU.ActiveCfg = Release|Any CPU
		{4448F229-B7AD-44B0-81D4-EF95BDF765CA}.Release|Any CPU.Build.0 = Release|Any CPU
		{DB993979-FB70-443D-BA0F-B73CBFEC9478}.Debug|Any CPU.ActiveCfg = Debug|Any CPU
		{DB993979-FB70-443D-BA0F-B73CBFEC9478}.Debug|Any CPU.Build.0 = Debug|Any CPU
		{DB993979-FB70-443D-BA0F-B73CBFEC9478}.Release|Any CPU.ActiveCfg = Release|Any CPU
		{DB993979-FB70-443D-BA0F-B73CBFEC9478}.Release|Any CPU.Build.0 = Release|Any CPU
		{43B1BC8C-4340-407E-8400-5219BF9DA866}.Debug|Any CPU.ActiveCfg = Debug|Any CPU
		{43B1BC8C-4340-407E-8400-5219BF9DA866}.Debug|Any CPU.Build.0 = Debug|Any CPU
		{43B1BC8C-4340-407E-8400-5219BF9DA866}.Release|Any CPU.ActiveCfg = Release|Any CPU
		{43B1BC8C-4340-407E-8400-5219BF9DA866}.Release|Any CPU.Build.0 = Release|Any CPU
		{AB2D2CB3-5290-4E2A-8F41-7769CEF69DB6}.Debug|Any CPU.ActiveCfg = Debug|Any CPU
		{AB2D2CB3-5290-4E2A-8F41-7769CEF69DB6}.Debug|Any CPU.Build.0 = Debug|Any CPU
		{AB2D2CB3-5290-4E2A-8F41-7769CEF69DB6}.Release|Any CPU.ActiveCfg = Release|Any CPU
		{AB2D2CB3-5290-4E2A-8F41-7769CEF69DB6}.Release|Any CPU.Build.0 = Release|Any CPU
		{0FFDEEEA-ECB5-40A7-B710-98450471F3B0}.Debug|Any CPU.ActiveCfg = Debug|Any CPU
		{0FFDEEEA-ECB5-40A7-B710-98450471F3B0}.Debug|Any CPU.Build.0 = Debug|Any CPU
		{0FFDEEEA-ECB5-40A7-B710-98450471F3B0}.Release|Any CPU.ActiveCfg = Release|Any CPU
		{0FFDEEEA-ECB5-40A7-B710-98450471F3B0}.Release|Any CPU.Build.0 = Release|Any CPU
		{7A0C1272-4318-4FCA-8173-0F343FDB8DF5}.Debug|Any CPU.ActiveCfg = Debug|Any CPU
		{7A0C1272-4318-4FCA-8173-0F343FDB8DF5}.Debug|Any CPU.Build.0 = Debug|Any CPU
		{7A0C1272-4318-4FCA-8173-0F343FDB8DF5}.Release|Any CPU.ActiveCfg = Release|Any CPU
		{7A0C1272-4318-4FCA-8173-0F343FDB8DF5}.Release|Any CPU.Build.0 = Release|Any CPU
		{5C52EAC9-5161-40CC-BE01-277FE541DBF1}.Debug|Any CPU.ActiveCfg = Debug|Any CPU
		{5C52EAC9-5161-40CC-BE01-277FE541DBF1}.Debug|Any CPU.Build.0 = Debug|Any CPU
		{5C52EAC9-5161-40CC-BE01-277FE541DBF1}.Release|Any CPU.ActiveCfg = Release|Any CPU
		{5C52EAC9-5161-40CC-BE01-277FE541DBF1}.Release|Any CPU.Build.0 = Release|Any CPU
		{E933A6AE-5745-4195-A62D-751BF53CA8A0}.Debug|Any CPU.ActiveCfg = Debug|Any CPU
		{E933A6AE-5745-4195-A62D-751BF53CA8A0}.Debug|Any CPU.Build.0 = Debug|Any CPU
		{E933A6AE-5745-4195-A62D-751BF53CA8A0}.Release|Any CPU.ActiveCfg = Release|Any CPU
		{E933A6AE-5745-4195-A62D-751BF53CA8A0}.Release|Any CPU.Build.0 = Release|Any CPU
		{AB57EBAF-17C7-4036-8453-B2A0B711E22D}.Debug|Any CPU.ActiveCfg = Debug|Any CPU
		{AB57EBAF-17C7-4036-8453-B2A0B711E22D}.Debug|Any CPU.Build.0 = Debug|Any CPU
		{AB57EBAF-17C7-4036-8453-B2A0B711E22D}.Release|Any CPU.ActiveCfg = Release|Any CPU
		{AB57EBAF-17C7-4036-8453-B2A0B711E22D}.Release|Any CPU.Build.0 = Release|Any CPU
		{FB6F0363-0CDC-44A3-8C22-715E3D608AA5}.Debug|Any CPU.ActiveCfg = Debug|Any CPU
		{FB6F0363-0CDC-44A3-8C22-715E3D608AA5}.Debug|Any CPU.Build.0 = Debug|Any CPU
		{FB6F0363-0CDC-44A3-8C22-715E3D608AA5}.Release|Any CPU.ActiveCfg = Release|Any CPU
		{FB6F0363-0CDC-44A3-8C22-715E3D608AA5}.Release|Any CPU.Build.0 = Release|Any CPU
		{E475B9FE-6F9C-4D28-8E33-B3E37F0FAC98}.Debug|Any CPU.ActiveCfg = Debug|Any CPU
		{E475B9FE-6F9C-4D28-8E33-B3E37F0FAC98}.Debug|Any CPU.Build.0 = Debug|Any CPU
		{E475B9FE-6F9C-4D28-8E33-B3E37F0FAC98}.Release|Any CPU.ActiveCfg = Release|Any CPU
		{E475B9FE-6F9C-4D28-8E33-B3E37F0FAC98}.Release|Any CPU.Build.0 = Release|Any CPU
		{AC7E9844-24D1-4008-9F62-FE0CA3F6278E}.Debug|Any CPU.ActiveCfg = Debug|Any CPU
		{AC7E9844-24D1-4008-9F62-FE0CA3F6278E}.Debug|Any CPU.Build.0 = Debug|Any CPU
		{AC7E9844-24D1-4008-9F62-FE0CA3F6278E}.Release|Any CPU.ActiveCfg = Release|Any CPU
		{AC7E9844-24D1-4008-9F62-FE0CA3F6278E}.Release|Any CPU.Build.0 = Release|Any CPU
		{53F0C520-0045-4860-B457-6C9B723B4DD1}.Debug|Any CPU.ActiveCfg = Debug|Any CPU
		{53F0C520-0045-4860-B457-6C9B723B4DD1}.Debug|Any CPU.Build.0 = Debug|Any CPU
		{53F0C520-0045-4860-B457-6C9B723B4DD1}.Release|Any CPU.ActiveCfg = Release|Any CPU
		{53F0C520-0045-4860-B457-6C9B723B4DD1}.Release|Any CPU.Build.0 = Release|Any CPU
		{F486C425-FCD7-4F56-840A-902CD1E292E4}.Debug|Any CPU.ActiveCfg = Debug|Any CPU
		{F486C425-FCD7-4F56-840A-902CD1E292E4}.Debug|Any CPU.Build.0 = Debug|Any CPU
		{F486C425-FCD7-4F56-840A-902CD1E292E4}.Release|Any CPU.ActiveCfg = Release|Any CPU
		{F486C425-FCD7-4F56-840A-902CD1E292E4}.Release|Any CPU.Build.0 = Release|Any CPU
		{2D05E7F5-AE6C-4559-8EB3-B88B9561CA6F}.Debug|Any CPU.ActiveCfg = Debug|Any CPU
		{2D05E7F5-AE6C-4559-8EB3-B88B9561CA6F}.Debug|Any CPU.Build.0 = Debug|Any CPU
		{2D05E7F5-AE6C-4559-8EB3-B88B9561CA6F}.Release|Any CPU.ActiveCfg = Release|Any CPU
		{2D05E7F5-AE6C-4559-8EB3-B88B9561CA6F}.Release|Any CPU.Build.0 = Release|Any CPU
		{640511C8-A8F2-4D13-9CC2-574BD8805501}.Debug|Any CPU.ActiveCfg = Debug|Any CPU
		{640511C8-A8F2-4D13-9CC2-574BD8805501}.Debug|Any CPU.Build.0 = Debug|Any CPU
		{640511C8-A8F2-4D13-9CC2-574BD8805501}.Release|Any CPU.ActiveCfg = Release|Any CPU
		{640511C8-A8F2-4D13-9CC2-574BD8805501}.Release|Any CPU.Build.0 = Release|Any CPU
	EndGlobalSection
	GlobalSection(SolutionProperties) = preSolution
		HideSolutionNode = FALSE
	EndGlobalSection
	GlobalSection(NestedProjects) = preSolution
		{4448F229-B7AD-44B0-81D4-EF95BDF765CA} = {533B5245-71ED-4437-9A25-0F7967C3A97F}
		{DB993979-FB70-443D-BA0F-B73CBFEC9478} = {533B5245-71ED-4437-9A25-0F7967C3A97F}
		{43B1BC8C-4340-407E-8400-5219BF9DA866} = {BE0A911D-D501-4DE2-B8C4-B6CD0186FCA2}
		{AB2D2CB3-5290-4E2A-8F41-7769CEF69DB6} = {08815AAF-8A8A-41D5-A109-001F776B7E92}
		{0FFDEEEA-ECB5-40A7-B710-98450471F3B0} = {08815AAF-8A8A-41D5-A109-001F776B7E92}
		{7A0C1272-4318-4FCA-8173-0F343FDB8DF5} = {08815AAF-8A8A-41D5-A109-001F776B7E92}
		{5C52EAC9-5161-40CC-BE01-277FE541DBF1} = {533B5245-71ED-4437-9A25-0F7967C3A97F}
		{E933A6AE-5745-4195-A62D-751BF53CA8A0} = {08815AAF-8A8A-41D5-A109-001F776B7E92}
		{AB57EBAF-17C7-4036-8453-B2A0B711E22D} = {08815AAF-8A8A-41D5-A109-001F776B7E92}
		{FB6F0363-0CDC-44A3-8C22-715E3D608AA5} = {533B5245-71ED-4437-9A25-0F7967C3A97F}
		{E475B9FE-6F9C-4D28-8E33-B3E37F0FAC98} = {08815AAF-8A8A-41D5-A109-001F776B7E92}
		{AC7E9844-24D1-4008-9F62-FE0CA3F6278E} = {08815AAF-8A8A-41D5-A109-001F776B7E92}
		{53F0C520-0045-4860-B457-6C9B723B4DD1} = {08815AAF-8A8A-41D5-A109-001F776B7E92}
		{F486C425-FCD7-4F56-840A-902CD1E292E4} = {533B5245-71ED-4437-9A25-0F7967C3A97F}
		{2D05E7F5-AE6C-4559-8EB3-B88B9561CA6F} = {533B5245-71ED-4437-9A25-0F7967C3A97F}
		{640511C8-A8F2-4D13-9CC2-574BD8805501} = {533B5245-71ED-4437-9A25-0F7967C3A97F}
	EndGlobalSection
EndGlobal
